{
  "version": 4,
  "terraform_version": "1.5.0",
  "serial": 38,
  "lineage": "6b928a41-858d-73d5-8a74-12f449263fd3",
  "outputs": {},
  "resources": [
    {
      "mode": "managed",
      "type": "aws_eip",
      "name": "nat_eip",
      "provider": "provider[\"registry.terraform.io/hashicorp/aws\"]",
      "instances": [
        {
          "schema_version": 0,
          "attributes": {
            "address": null,
            "allocation_id": "eipalloc-087db1a84c1399a2e",
            "associate_with_private_ip": null,
            "association_id": "eipassoc-009a9c5bcb770817c",
            "carrier_ip": "",
            "customer_owned_ip": "",
            "customer_owned_ipv4_pool": "",
            "domain": "vpc",
            "id": "eipalloc-087db1a84c1399a2e",
            "instance": "",
            "network_border_group": "us-east-1",
            "network_interface": "eni-026040a5cee4823c4",
            "private_dns": "ip-10-0-1-6.ec2.internal",
            "private_ip": "10.0.1.6",
            "public_dns": "ec2-3-224-193-238.compute-1.amazonaws.com",
            "public_ip": "3.224.193.238",
            "public_ipv4_pool": "amazon",
            "tags": {},
            "tags_all": {},
            "timeouts": null,
            "vpc": true
          },
          "sensitive_attributes": [],
          "private": "eyJlMmJmYjczMC1lY2FhLTExZTYtOGY4OC0zNDM2M2JjN2M0YzAiOnsiZGVsZXRlIjoxODAwMDAwMDAwMDAsInJlYWQiOjkwMDAwMDAwMDAwMCwidXBkYXRlIjozMDAwMDAwMDAwMDB9fQ=="
        }
      ]
    },
    {
      "mode": "managed",
      "type": "aws_instance",
      "name": "wordpress-ec2",
      "provider": "provider[\"registry.terraform.io/hashicorp/aws\"]",
      "instances": [
        {
          "schema_version": 1,
          "attributes": {
            "ami": "ami-0f9ce67dcf718d332",
            "arn": "arn:aws:ec2:us-east-1:932354825644:instance/i-01e3db0f1e56ee417",
            "associate_public_ip_address": true,
            "availability_zone": "us-east-1a",
            "capacity_reservation_specification": [
              {
                "capacity_reservation_preference": "open",
                "capacity_reservation_target": []
              }
            ],
            "cpu_core_count": 1,
            "cpu_options": [
              {
                "amd_sev_snp": "",
                "core_count": 1,
                "threads_per_core": 1
              }
            ],
            "cpu_threads_per_core": 1,
            "credit_specification": [
              {
                "cpu_credits": "standard"
              }
            ],
            "disable_api_stop": false,
            "disable_api_termination": false,
            "ebs_block_device": [],
            "ebs_optimized": false,
            "enclave_options": [
              {
                "enabled": false
              }
            ],
            "ephemeral_block_device": [],
            "get_password_data": false,
            "hibernation": false,
            "host_id": "",
            "host_resource_group_arn": null,
            "iam_instance_profile": "",
            "id": "i-01e3db0f1e56ee417",
            "instance_initiated_shutdown_behavior": "stop",
            "instance_lifecycle": "",
            "instance_market_options": [],
            "instance_state": "running",
            "instance_type": "t2.micro",
            "ipv6_address_count": 0,
            "ipv6_addresses": [],
            "key_name": "ssh-key",
            "launch_template": [],
            "maintenance_options": [
              {
                "auto_recovery": "default"
              }
            ],
            "metadata_options": [
              {
                "http_endpoint": "enabled",
                "http_put_response_hop_limit": 1,
                "http_tokens": "optional",
                "instance_metadata_tags": "disabled"
              }
            ],
            "monitoring": false,
            "network_interface": [],
            "outpost_arn": "",
            "password_data": "",
            "placement_group": "",
            "placement_partition_number": 0,
            "primary_network_interface_id": "eni-0479ff3e639a20bb1",
            "private_dns": "ip-10-0-1-251.ec2.internal",
            "private_dns_name_options": [
              {
                "enable_resource_name_dns_a_record": false,
                "enable_resource_name_dns_aaaa_record": false,
                "hostname_type": "ip-name"
              }
            ],
            "private_ip": "10.0.1.251",
            "public_dns": "",
            "public_ip": "54.88.173.191",
            "root_block_device": [
              {
                "delete_on_termination": true,
                "device_name": "/dev/xvda",
                "encrypted": false,
                "iops": 100,
                "kms_key_id": "",
                "tags": {},
                "throughput": 0,
                "volume_id": "vol-000f87a71bf274a76",
                "volume_size": 8,
                "volume_type": "gp2"
              }
            ],
            "secondary_private_ips": [],
            "security_groups": [
              "sg-0500fcce73170bc85"
            ],
            "source_dest_check": true,
            "spot_instance_request_id": "",
            "subnet_id": "subnet-0e445e6939d68e510",
            "tags": {
              "Name": "wordpress-ec2"
            },
            "tags_all": {
              "Name": "wordpress-ec2"
            },
            "tenancy": "default",
            "timeouts": null,
            "user_data": null,
            "user_data_base64": null,
            "user_data_replace_on_change": false,
            "volume_tags": null,
            "vpc_security_group_ids": [
              "sg-0500fcce73170bc85"
            ]
          },
          "sensitive_attributes": [],
          "private": "eyJlMmJmYjczMC1lY2FhLTExZTYtOGY4OC0zNDM2M2JjN2M0YzAiOnsiY3JlYXRlIjo2MDAwMDAwMDAwMDAsImRlbGV0ZSI6MTIwMDAwMDAwMDAwMCwidXBkYXRlIjo2MDAwMDAwMDAwMDB9LCJzY2hlbWFfdmVyc2lvbiI6IjEifQ==",
          "dependencies": [
            "aws_security_group.wordpress-sg",
            "aws_subnet.public_subnet_1"
          ]
        }
      ]
    },
    {
      "mode": "managed",
      "type": "aws_internet_gateway",
      "name": "wordpress_igw",
      "provider": "provider[\"registry.terraform.io/hashicorp/aws\"]",
      "instances": [
        {
          "schema_version": 0,
          "attributes": {
            "arn": "arn:aws:ec2:us-east-1:932354825644:internet-gateway/igw-0bbd6d1ad1b2cede0",
            "id": "igw-0bbd6d1ad1b2cede0",
            "owner_id": "932354825644",
            "tags": {
              "Name": "wordpress_igw"
            },
            "tags_all": {
              "Name": "wordpress_igw"
            },
            "timeouts": null,
            "vpc_id": "vpc-0f95912de41dbde4c"
          },
          "sensitive_attributes": [],
          "private": "eyJlMmJmYjczMC1lY2FhLTExZTYtOGY4OC0zNDM2M2JjN2M0YzAiOnsiY3JlYXRlIjoxMjAwMDAwMDAwMDAwLCJkZWxldGUiOjEyMDAwMDAwMDAwMDAsInVwZGF0ZSI6MTIwMDAwMDAwMDAwMH19",
          "dependencies": [
            "aws_vpc.wordpress-vpc"
          ]
        }
      ]
    },
    {
      "mode": "managed",
      "type": "aws_nat_gateway",
      "name": "nat",
      "provider": "provider[\"registry.terraform.io/hashicorp/aws\"]",
      "instances": [
        {
          "schema_version": 0,
          "attributes": {
            "allocation_id": "eipalloc-087db1a84c1399a2e",
            "association_id": "eipassoc-009a9c5bcb770817c",
            "connectivity_type": "public",
            "id": "nat-087080e1c038001ab",
            "network_interface_id": "eni-026040a5cee4823c4",
            "private_ip": "10.0.1.6",
            "public_ip": "3.224.193.238",
            "secondary_allocation_ids": [],
            "secondary_private_ip_address_count": 0,
            "secondary_private_ip_addresses": [],
            "subnet_id": "subnet-0e445e6939d68e510",
            "tags": {},
            "tags_all": {},
            "timeouts": null
          },
          "sensitive_attributes": [],
          "private": "eyJlMmJmYjczMC1lY2FhLTExZTYtOGY4OC0zNDM2M2JjN2M0YzAiOnsiY3JlYXRlIjo2MDAwMDAwMDAwMDAsImRlbGV0ZSI6MTgwMDAwMDAwMDAwMCwidXBkYXRlIjo2MDAwMDAwMDAwMDB9fQ==",
          "dependencies": [
            "aws_eip.nat_eip",
            "aws_subnet.public_subnet_1",
            "aws_vpc.wordpress-vpc"
          ]
        }
      ]
    },
    {
      "mode": "managed",
      "type": "aws_route",
      "name": "nat_gateway_route",
      "provider": "provider[\"registry.terraform.io/hashicorp/aws\"]",
      "instances": [
        {
          "schema_version": 0,
          "attributes": {
            "carrier_gateway_id": "",
            "core_network_arn": "",
            "destination_cidr_block": "0.0.0.0/0",
            "destination_ipv6_cidr_block": "",
            "destination_prefix_list_id": "",
            "egress_only_gateway_id": "",
            "gateway_id": "",
            "id": "r-rtb-085d02d5e9eef7dbc1080289494",
            "instance_id": "",
            "instance_owner_id": "",
            "local_gateway_id": "",
            "nat_gateway_id": "nat-087080e1c038001ab",
            "network_interface_id": "",
            "origin": "CreateRoute",
            "route_table_id": "rtb-085d02d5e9eef7dbc",
            "state": "active",
            "timeouts": null,
            "transit_gateway_id": "",
            "vpc_endpoint_id": "",
            "vpc_peering_connection_id": ""
          },
          "sensitive_attributes": [],
          "private": "eyJlMmJmYjczMC1lY2FhLTExZTYtOGY4OC0zNDM2M2JjN2M0YzAiOnsiY3JlYXRlIjozMDAwMDAwMDAwMDAsImRlbGV0ZSI6MzAwMDAwMDAwMDAwLCJ1cGRhdGUiOjEyMDAwMDAwMDAwMH19",
          "dependencies": [
            "aws_eip.nat_eip",
            "aws_nat_gateway.nat",
            "aws_route_table.wordpess-rt_nat",
            "aws_subnet.public_subnet_1",
            "aws_vpc.wordpress-vpc"
          ]
        }
      ]
    },
    {
      "mode": "managed",
      "type": "aws_route",
      "name": "public",
      "provider": "provider[\"registry.terraform.io/hashicorp/aws\"]",
      "instances": [
        {
          "schema_version": 0,
          "attributes": {
            "carrier_gateway_id": "",
            "core_network_arn": "",
            "destination_cidr_block": "0.0.0.0/0",
            "destination_ipv6_cidr_block": "",
            "destination_prefix_list_id": "",
            "egress_only_gateway_id": "",
            "gateway_id": "igw-0bbd6d1ad1b2cede0",
            "id": "r-rtb-08b34823cfbc80cec1080289494",
            "instance_id": "",
            "instance_owner_id": "",
            "local_gateway_id": "",
            "nat_gateway_id": "",
            "network_interface_id": "",
            "origin": "CreateRoute",
            "route_table_id": "rtb-08b34823cfbc80cec",
            "state": "active",
            "timeouts": null,
            "transit_gateway_id": "",
            "vpc_endpoint_id": "",
            "vpc_peering_connection_id": ""
          },
          "sensitive_attributes": [],
          "private": "eyJlMmJmYjczMC1lY2FhLTExZTYtOGY4OC0zNDM2M2JjN2M0YzAiOnsiY3JlYXRlIjozMDAwMDAwMDAwMDAsImRlbGV0ZSI6MzAwMDAwMDAwMDAwLCJ1cGRhdGUiOjEyMDAwMDAwMDAwMH19",
          "dependencies": [
            "aws_internet_gateway.wordpress_igw",
            "aws_route_table.wordpess-rt",
            "aws_vpc.wordpress-vpc"
          ]
        }
      ]
    },
    {
      "mode": "managed",
      "type": "aws_route_table",
      "name": "wordpess-rt",
      "provider": "provider[\"registry.terraform.io/hashicorp/aws\"]",
      "instances": [
        {
          "schema_version": 0,
          "attributes": {
            "arn": "arn:aws:ec2:us-east-1:932354825644:route-table/rtb-08b34823cfbc80cec",
            "id": "rtb-08b34823cfbc80cec",
            "owner_id": "932354825644",
            "propagating_vgws": [],
            "route": [
              {
                "carrier_gateway_id": "",
                "cidr_block": "0.0.0.0/0",
                "core_network_arn": "",
                "destination_prefix_list_id": "",
                "egress_only_gateway_id": "",
                "gateway_id": "igw-0bbd6d1ad1b2cede0",
                "ipv6_cidr_block": "",
                "local_gateway_id": "",
                "nat_gateway_id": "",
                "network_interface_id": "",
                "transit_gateway_id": "",
                "vpc_endpoint_id": "",
                "vpc_peering_connection_id": ""
              }
            ],
            "tags": {
              "Name": "wordpess-rt"
            },
            "tags_all": {
              "Name": "wordpess-rt"
            },
            "timeouts": null,
            "vpc_id": "vpc-0f95912de41dbde4c"
          },
          "sensitive_attributes": [],
          "private": "eyJlMmJmYjczMC1lY2FhLTExZTYtOGY4OC0zNDM2M2JjN2M0YzAiOnsiY3JlYXRlIjozMDAwMDAwMDAwMDAsImRlbGV0ZSI6MzAwMDAwMDAwMDAwLCJ1cGRhdGUiOjEyMDAwMDAwMDAwMH19",
          "dependencies": [
            "aws_vpc.wordpress-vpc"
          ]
        }
      ]
    },
    {
      "mode": "managed",
      "type": "aws_route_table",
      "name": "wordpess-rt_nat",
      "provider": "provider[\"registry.terraform.io/hashicorp/aws\"]",
      "instances": [
        {
          "schema_version": 0,
          "attributes": {
            "arn": "arn:aws:ec2:us-east-1:932354825644:route-table/rtb-085d02d5e9eef7dbc",
            "id": "rtb-085d02d5e9eef7dbc",
            "owner_id": "932354825644",
            "propagating_vgws": [],
            "route": [
              {
                "carrier_gateway_id": "",
                "cidr_block": "0.0.0.0/0",
                "core_network_arn": "",
                "destination_prefix_list_id": "",
                "egress_only_gateway_id": "",
                "gateway_id": "",
                "ipv6_cidr_block": "",
                "local_gateway_id": "",
                "nat_gateway_id": "nat-087080e1c038001ab",
                "network_interface_id": "",
                "transit_gateway_id": "",
                "vpc_endpoint_id": "",
                "vpc_peering_connection_id": ""
              }
            ],
            "tags": {
              "Name": "wordpess-rt_nat"
            },
            "tags_all": {
              "Name": "wordpess-rt_nat"
            },
            "timeouts": null,
            "vpc_id": "vpc-0f95912de41dbde4c"
          },
          "sensitive_attributes": [],
          "private": "eyJlMmJmYjczMC1lY2FhLTExZTYtOGY4OC0zNDM2M2JjN2M0YzAiOnsiY3JlYXRlIjozMDAwMDAwMDAwMDAsImRlbGV0ZSI6MzAwMDAwMDAwMDAwLCJ1cGRhdGUiOjEyMDAwMDAwMDAwMH19",
          "dependencies": [
            "aws_vpc.wordpress-vpc"
          ]
        }
      ]
    },
    {
      "mode": "managed",
      "type": "aws_route_table_association",
      "name": "private_subnet1_association",
      "provider": "provider[\"registry.terraform.io/hashicorp/aws\"]",
      "instances": [
        {
          "schema_version": 0,
          "attributes": {
            "gateway_id": "",
            "id": "rtbassoc-0c2be75e937f19776",
            "route_table_id": "rtb-085d02d5e9eef7dbc",
            "subnet_id": "subnet-0f0c1c4380a4f59d0",
            "timeouts": null
          },
          "sensitive_attributes": [],
          "private": "eyJlMmJmYjczMC1lY2FhLTExZTYtOGY4OC0zNDM2M2JjN2M0YzAiOnsiY3JlYXRlIjozMDAwMDAwMDAwMDAsImRlbGV0ZSI6MzAwMDAwMDAwMDAwLCJ1cGRhdGUiOjEyMDAwMDAwMDAwMH19",
          "dependencies": [
            "aws_route_table.wordpess-rt_nat",
            "aws_subnet.private_subnet_1",
            "aws_vpc.wordpress-vpc"
          ]
        }
      ]
    },
    {
      "mode": "managed",
      "type": "aws_route_table_association",
      "name": "public_subnet1_association",
      "provider": "provider[\"registry.terraform.io/hashicorp/aws\"]",
      "instances": [
        {
          "schema_version": 0,
          "attributes": {
            "gateway_id": "",
            "id": "rtbassoc-01f56a0f424ff1931",
            "route_table_id": "rtb-08b34823cfbc80cec",
            "subnet_id": "subnet-0e445e6939d68e510",
            "timeouts": null
          },
          "sensitive_attributes": [],
          "private": "eyJlMmJmYjczMC1lY2FhLTExZTYtOGY4OC0zNDM2M2JjN2M0YzAiOnsiY3JlYXRlIjozMDAwMDAwMDAwMDAsImRlbGV0ZSI6MzAwMDAwMDAwMDAwLCJ1cGRhdGUiOjEyMDAwMDAwMDAwMH19",
          "dependencies": [
            "aws_route_table.wordpess-rt",
            "aws_subnet.public_subnet_1",
            "aws_vpc.wordpress-vpc"
          ]
        }
      ]
    },
    {
      "mode": "managed",
      "type": "aws_route_table_association",
      "name": "public_subnet2_association",
      "provider": "provider[\"registry.terraform.io/hashicorp/aws\"]",
      "instances": [
        {
          "schema_version": 0,
          "attributes": {
            "gateway_id": "",
            "id": "rtbassoc-0808c26f5e986117e",
            "route_table_id": "rtb-08b34823cfbc80cec",
            "subnet_id": "subnet-010dbe01fd535e748",
            "timeouts": null
          },
          "sensitive_attributes": [],
          "private": "eyJlMmJmYjczMC1lY2FhLTExZTYtOGY4OC0zNDM2M2JjN2M0YzAiOnsiY3JlYXRlIjozMDAwMDAwMDAwMDAsImRlbGV0ZSI6MzAwMDAwMDAwMDAwLCJ1cGRhdGUiOjEyMDAwMDAwMDAwMH19",
          "dependencies": [
            "aws_route_table.wordpess-rt",
            "aws_subnet.public_subnet_2",
            "aws_vpc.wordpress-vpc"
          ]
        }
      ]
    },
    {
      "mode": "managed",
      "type": "aws_route_table_association",
      "name": "public_subnet3_association",
      "provider": "provider[\"registry.terraform.io/hashicorp/aws\"]",
      "instances": [
        {
          "schema_version": 0,
          "attributes": {
            "gateway_id": "",
            "id": "rtbassoc-05636159f876049f4",
            "route_table_id": "rtb-08b34823cfbc80cec",
            "subnet_id": "subnet-03bf9e444e48ce38f",
            "timeouts": null
          },
          "sensitive_attributes": [],
          "private": "eyJlMmJmYjczMC1lY2FhLTExZTYtOGY4OC0zNDM2M2JjN2M0YzAiOnsiY3JlYXRlIjozMDAwMDAwMDAwMDAsImRlbGV0ZSI6MzAwMDAwMDAwMDAwLCJ1cGRhdGUiOjEyMDAwMDAwMDAwMH19",
          "dependencies": [
            "aws_route_table.wordpess-rt",
            "aws_subnet.public_subnet_3",
            "aws_vpc.wordpress-vpc"
          ]
        }
      ]
    },
    {
      "mode": "managed",
      "type": "aws_security_group",
      "name": "rds-sg",
      "provider": "provider[\"registry.terraform.io/hashicorp/aws\"]",
      "instances": [
        {
          "schema_version": 1,
          "attributes": {
            "arn": "arn:aws:ec2:us-east-1:932354825644:security-group/sg-0f80fbb59f5ac63c7",
            "description": "rds-sg security group",
            "egress": [
              {
                "cidr_blocks": [],
                "description": "",
                "from_port": 3306,
                "ipv6_cidr_blocks": [],
                "prefix_list_ids": [],
                "protocol": "tcp",
                "security_groups": [],
                "self": false,
                "to_port": 3306
              }
            ],
            "id": "sg-0f80fbb59f5ac63c7",
            "ingress": [
              {
                "cidr_blocks": [],
                "description": null,
                "from_port": 3306,
                "ipv6_cidr_blocks": [],
                "prefix_list_ids": [],
                "protocol": "tcp",
                "security_groups": [],
                "self": false,
                "to_port": 3306
              }
            ],
            "name": "rds-sg",
            "name_prefix": "",
            "owner_id": "932354825644",
            "revoke_rules_on_delete": false,
            "tags": {
              "Name": "rds-sg"
            },
            "tags_all": {
              "Name": "rds-sg"
            },
            "timeouts": null,
            "vpc_id": "vpc-0f95912de41dbde4c"
          },
          "sensitive_attributes": [],
          "private": "eyJlMmJmYjczMC1lY2FhLTExZTYtOGY4OC0zNDM2M2JjN2M0YzAiOnsiY3JlYXRlIjo2MDAwMDAwMDAwMDAsImRlbGV0ZSI6OTAwMDAwMDAwMDAwfSwic2NoZW1hX3ZlcnNpb24iOiIxIn0=",
          "dependencies": [
            "aws_vpc.wordpress-vpc"
          ]
        }
      ]
    },
    {
      "mode": "managed",
      "type": "aws_security_group",
      "name": "wordpress-sg",
      "provider": "provider[\"registry.terraform.io/hashicorp/aws\"]",
      "instances": [
        {
          "schema_version": 1,
          "attributes": {
            "arn": "arn:aws:ec2:us-east-1:932354825644:security-group/sg-0500fcce73170bc85",
            "description": "wordpress-sg security group",
            "egress": [
              {
                "cidr_blocks": [
                  "0.0.0.0/0"
                ],
                "description": "",
                "from_port": 22,
                "ipv6_cidr_blocks": [],
                "prefix_list_ids": [],
                "protocol": "tcp",
                "security_groups": [],
                "self": false,
                "to_port": 22
              },
              {
                "cidr_blocks": [
                  "0.0.0.0/0"
                ],
                "description": "",
                "from_port": 443,
                "ipv6_cidr_blocks": [],
                "prefix_list_ids": [],
                "protocol": "tcp",
                "security_groups": [],
                "self": false,
                "to_port": 443
              },
              {
                "cidr_blocks": [
                  "0.0.0.0/0"
                ],
                "description": "",
                "from_port": 80,
                "ipv6_cidr_blocks": [],
                "prefix_list_ids": [],
                "protocol": "tcp",
                "security_groups": [],
                "self": false,
                "to_port": 80
              }
            ],
            "id": "sg-0500fcce73170bc85",
            "ingress": [
              {
                "cidr_blocks": [
                  "0.0.0.0/0"
                ],
                "description": "",
                "from_port": 22,
                "ipv6_cidr_blocks": [],
                "prefix_list_ids": [],
                "protocol": "tcp",
                "security_groups": [],
                "self": false,
                "to_port": 22
              },
              {
                "cidr_blocks": [
                  "0.0.0.0/0"
                ],
                "description": "",
                "from_port": 443,
                "ipv6_cidr_blocks": [],
                "prefix_list_ids": [],
                "protocol": "tcp",
                "security_groups": [],
                "self": false,
                "to_port": 443
              },
              {
                "cidr_blocks": [
                  "0.0.0.0/0"
                ],
                "description": "",
                "from_port": 80,
                "ipv6_cidr_blocks": [],
                "prefix_list_ids": [],
                "protocol": "tcp",
                "security_groups": [],
                "self": false,
                "to_port": 80
              }
            ],
            "name": "wordpress-sg",
            "name_prefix": "",
            "owner_id": "932354825644",
            "revoke_rules_on_delete": false,
            "tags": {
              "Name": "wordpess-sg"
            },
            "tags_all": {
              "Name": "wordpess-sg"
            },
            "timeouts": null,
            "vpc_id": "vpc-0f95912de41dbde4c"
          },
          "sensitive_attributes": [],
          "private": "eyJlMmJmYjczMC1lY2FhLTExZTYtOGY4OC0zNDM2M2JjN2M0YzAiOnsiY3JlYXRlIjo2MDAwMDAwMDAwMDAsImRlbGV0ZSI6OTAwMDAwMDAwMDAwfSwic2NoZW1hX3ZlcnNpb24iOiIxIn0=",
          "dependencies": [
            "aws_vpc.wordpress-vpc"
          ]
        }
      ]
    },
    {
      "mode": "managed",
      "type": "aws_security_group_rule",
      "name": "allow_inbound_from_source_sg",
      "provider": "provider[\"registry.terraform.io/hashicorp/aws\"]",
      "instances": [
        {
          "schema_version": 2,
          "attributes": {
            "cidr_blocks": null,
            "description": "",
            "from_port": 3306,
            "id": "sgrule-2486439006",
            "ipv6_cidr_blocks": null,
            "prefix_list_ids": null,
            "protocol": "tcp",
            "security_group_id": "sg-0f80fbb59f5ac63c7",
            "security_group_rule_id": "sgr-0792829842635caff",
            "self": false,
            "source_security_group_id": "sg-0500fcce73170bc85",
            "timeouts": null,
            "to_port": 3306,
            "type": "ingress"
          },
          "sensitive_attributes": [],
          "private": "eyJlMmJmYjczMC1lY2FhLTExZTYtOGY4OC0zNDM2M2JjN2M0YzAiOnsiY3JlYXRlIjozMDAwMDAwMDAwMDB9LCJzY2hlbWFfdmVyc2lvbiI6IjIifQ==",
          "dependencies": [
            "aws_security_group.rds-sg",
            "aws_security_group.wordpress-sg",
            "aws_vpc.wordpress-vpc"
          ]
        }
      ]
    },
    {
      "mode": "managed",
      "type": "aws_subnet",
      "name": "private_subnet_1",
      "provider": "provider[\"registry.terraform.io/hashicorp/aws\"]",
      "instances": [
        {
          "schema_version": 1,
          "attributes": {
            "arn": "arn:aws:ec2:us-east-1:932354825644:subnet/subnet-0f0c1c4380a4f59d0",
            "assign_ipv6_address_on_creation": false,
            "availability_zone": "us-east-1a",
            "availability_zone_id": "use1-az2",
            "cidr_block": "10.0.4.0/24",
            "customer_owned_ipv4_pool": "",
            "enable_dns64": false,
            "enable_lni_at_device_index": 0,
            "enable_resource_name_dns_a_record_on_launch": false,
            "enable_resource_name_dns_aaaa_record_on_launch": false,
            "id": "subnet-0f0c1c4380a4f59d0",
            "ipv6_cidr_block": "",
            "ipv6_cidr_block_association_id": "",
            "ipv6_native": false,
            "map_customer_owned_ip_on_launch": false,
            "map_public_ip_on_launch": false,
            "outpost_arn": "",
            "owner_id": "932354825644",
            "private_dns_hostname_type_on_launch": "ip-name",
            "tags": {
              "Name": "private_subnet_1"
            },
            "tags_all": {
              "Name": "private_subnet_1"
            },
            "timeouts": null,
            "vpc_id": "vpc-0f95912de41dbde4c"
          },
          "sensitive_attributes": [],
          "private": "eyJlMmJmYjczMC1lY2FhLTExZTYtOGY4OC0zNDM2M2JjN2M0YzAiOnsiY3JlYXRlIjo2MDAwMDAwMDAwMDAsImRlbGV0ZSI6MTIwMDAwMDAwMDAwMH0sInNjaGVtYV92ZXJzaW9uIjoiMSJ9",
          "dependencies": [
            "aws_vpc.wordpress-vpc"
          ]
        }
      ]
    },
    {
      "mode": "managed",
      "type": "aws_subnet",
      "name": "private_subnet_2",
      "provider": "provider[\"registry.terraform.io/hashicorp/aws\"]",
      "instances": [
        {
          "schema_version": 1,
          "attributes": {
            "arn": "arn:aws:ec2:us-east-1:932354825644:subnet/subnet-06d205485cc6a92ff",
            "assign_ipv6_address_on_creation": false,
            "availability_zone": "us-east-1a",
            "availability_zone_id": "use1-az2",
            "cidr_block": "10.0.5.0/24",
            "customer_owned_ipv4_pool": "",
            "enable_dns64": false,
            "enable_lni_at_device_index": 0,
            "enable_resource_name_dns_a_record_on_launch": false,
            "enable_resource_name_dns_aaaa_record_on_launch": false,
            "id": "subnet-06d205485cc6a92ff",
            "ipv6_cidr_block": "",
            "ipv6_cidr_block_association_id": "",
            "ipv6_native": false,
            "map_customer_owned_ip_on_launch": false,
            "map_public_ip_on_launch": false,
            "outpost_arn": "",
            "owner_id": "932354825644",
            "private_dns_hostname_type_on_launch": "ip-name",
            "tags": {
              "Name": "private_subnet_2"
            },
            "tags_all": {
              "Name": "private_subnet_2"
            },
            "timeouts": null,
            "vpc_id": "vpc-0f95912de41dbde4c"
          },
          "sensitive_attributes": [],
          "private": "eyJlMmJmYjczMC1lY2FhLTExZTYtOGY4OC0zNDM2M2JjN2M0YzAiOnsiY3JlYXRlIjo2MDAwMDAwMDAwMDAsImRlbGV0ZSI6MTIwMDAwMDAwMDAwMH0sInNjaGVtYV92ZXJzaW9uIjoiMSJ9",
          "dependencies": [
            "aws_vpc.wordpress-vpc"
          ]
        }
      ]
    },
    {
      "mode": "managed",
      "type": "aws_subnet",
      "name": "private_subnet_3",
      "provider": "provider[\"registry.terraform.io/hashicorp/aws\"]",
      "instances": [
        {
          "schema_version": 1,
          "attributes": {
            "arn": "arn:aws:ec2:us-east-1:932354825644:subnet/subnet-0b70480dcab0b3925",
            "assign_ipv6_address_on_creation": false,
            "availability_zone": "us-east-1a",
            "availability_zone_id": "use1-az2",
            "cidr_block": "10.0.6.0/24",
            "customer_owned_ipv4_pool": "",
            "enable_dns64": false,
            "enable_lni_at_device_index": 0,
            "enable_resource_name_dns_a_record_on_launch": false,
            "enable_resource_name_dns_aaaa_record_on_launch": false,
            "id": "subnet-0b70480dcab0b3925",
            "ipv6_cidr_block": "",
            "ipv6_cidr_block_association_id": "",
            "ipv6_native": false,
            "map_customer_owned_ip_on_launch": false,
            "map_public_ip_on_launch": false,
            "outpost_arn": "",
            "owner_id": "932354825644",
            "private_dns_hostname_type_on_launch": "ip-name",
            "tags": {
              "Name": "private_subnet_3"
            },
            "tags_all": {
              "Name": "private_subnet_3"
            },
            "timeouts": null,
            "vpc_id": "vpc-0f95912de41dbde4c"
          },
          "sensitive_attributes": [],
          "private": "eyJlMmJmYjczMC1lY2FhLTExZTYtOGY4OC0zNDM2M2JjN2M0YzAiOnsiY3JlYXRlIjo2MDAwMDAwMDAwMDAsImRlbGV0ZSI6MTIwMDAwMDAwMDAwMH0sInNjaGVtYV92ZXJzaW9uIjoiMSJ9",
          "dependencies": [
            "aws_vpc.wordpress-vpc"
          ]
        }
      ]
    },
    {
      "mode": "managed",
      "type": "aws_subnet",
      "name": "public_subnet_1",
      "provider": "provider[\"registry.terraform.io/hashicorp/aws\"]",
      "instances": [
        {
          "schema_version": 1,
          "attributes": {
            "arn": "arn:aws:ec2:us-east-1:932354825644:subnet/subnet-0e445e6939d68e510",
            "assign_ipv6_address_on_creation": false,
            "availability_zone": "us-east-1a",
            "availability_zone_id": "use1-az2",
            "cidr_block": "10.0.1.0/24",
            "customer_owned_ipv4_pool": "",
            "enable_dns64": false,
            "enable_lni_at_device_index": 0,
            "enable_resource_name_dns_a_record_on_launch": false,
            "enable_resource_name_dns_aaaa_record_on_launch": false,
            "id": "subnet-0e445e6939d68e510",
            "ipv6_cidr_block": "",
            "ipv6_cidr_block_association_id": "",
            "ipv6_native": false,
            "map_customer_owned_ip_on_launch": false,
            "map_public_ip_on_launch": true,
            "outpost_arn": "",
            "owner_id": "932354825644",
            "private_dns_hostname_type_on_launch": "ip-name",
            "tags": {
              "Name": "public_subnet_1"
            },
            "tags_all": {
              "Name": "public_subnet_1"
            },
            "timeouts": null,
            "vpc_id": "vpc-0f95912de41dbde4c"
          },
          "sensitive_attributes": [],
          "private": "eyJlMmJmYjczMC1lY2FhLTExZTYtOGY4OC0zNDM2M2JjN2M0YzAiOnsiY3JlYXRlIjo2MDAwMDAwMDAwMDAsImRlbGV0ZSI6MTIwMDAwMDAwMDAwMH0sInNjaGVtYV92ZXJzaW9uIjoiMSJ9",
          "dependencies": [
            "aws_vpc.wordpress-vpc"
          ]
        }
      ]
    },
    {
      "mode": "managed",
      "type": "aws_subnet",
      "name": "public_subnet_2",
      "provider": "provider[\"registry.terraform.io/hashicorp/aws\"]",
      "instances": [
        {
          "schema_version": 1,
          "attributes": {
            "arn": "arn:aws:ec2:us-east-1:932354825644:subnet/subnet-010dbe01fd535e748",
            "assign_ipv6_address_on_creation": false,
            "availability_zone": "us-east-1a",
            "availability_zone_id": "use1-az2",
            "cidr_block": "10.0.2.0/24",
            "customer_owned_ipv4_pool": "",
            "enable_dns64": false,
            "enable_lni_at_device_index": 0,
            "enable_resource_name_dns_a_record_on_launch": false,
            "enable_resource_name_dns_aaaa_record_on_launch": false,
            "id": "subnet-010dbe01fd535e748",
            "ipv6_cidr_block": "",
            "ipv6_cidr_block_association_id": "",
            "ipv6_native": false,
            "map_customer_owned_ip_on_launch": false,
            "map_public_ip_on_launch": true,
            "outpost_arn": "",
            "owner_id": "932354825644",
            "private_dns_hostname_type_on_launch": "ip-name",
            "tags": {
              "Name": "public_subnet_2"
            },
            "tags_all": {
              "Name": "public_subnet_2"
            },
            "timeouts": null,
            "vpc_id": "vpc-0f95912de41dbde4c"
          },
          "sensitive_attributes": [],
          "private": "eyJlMmJmYjczMC1lY2FhLTExZTYtOGY4OC0zNDM2M2JjN2M0YzAiOnsiY3JlYXRlIjo2MDAwMDAwMDAwMDAsImRlbGV0ZSI6MTIwMDAwMDAwMDAwMH0sInNjaGVtYV92ZXJzaW9uIjoiMSJ9",
          "dependencies": [
            "aws_vpc.wordpress-vpc"
          ]
        }
      ]
    },
    {
      "mode": "managed",
      "type": "aws_subnet",
      "name": "public_subnet_3",
      "provider": "provider[\"registry.terraform.io/hashicorp/aws\"]",
      "instances": [
        {
          "schema_version": 1,
          "attributes": {
            "arn": "arn:aws:ec2:us-east-1:932354825644:subnet/subnet-03bf9e444e48ce38f",
            "assign_ipv6_address_on_creation": false,
            "availability_zone": "us-east-1a",
            "availability_zone_id": "use1-az2",
            "cidr_block": "10.0.3.0/24",
            "customer_owned_ipv4_pool": "",
            "enable_dns64": false,
            "enable_lni_at_device_index": 0,
            "enable_resource_name_dns_a_record_on_launch": false,
            "enable_resource_name_dns_aaaa_record_on_launch": false,
            "id": "subnet-03bf9e444e48ce38f",
            "ipv6_cidr_block": "",
            "ipv6_cidr_block_association_id": "",
            "ipv6_native": false,
            "map_customer_owned_ip_on_launch": false,
            "map_public_ip_on_launch": true,
            "outpost_arn": "",
            "owner_id": "932354825644",
            "private_dns_hostname_type_on_launch": "ip-name",
            "tags": {
              "Name": "public_subnet_3"
            },
            "tags_all": {
              "Name": "public_subnet_3"
            },
            "timeouts": null,
            "vpc_id": "vpc-0f95912de41dbde4c"
          },
          "sensitive_attributes": [],
          "private": "eyJlMmJmYjczMC1lY2FhLTExZTYtOGY4OC0zNDM2M2JjN2M0YzAiOnsiY3JlYXRlIjo2MDAwMDAwMDAwMDAsImRlbGV0ZSI6MTIwMDAwMDAwMDAwMH0sInNjaGVtYV92ZXJzaW9uIjoiMSJ9",
          "dependencies": [
            "aws_vpc.wordpress-vpc"
          ]
        }
      ]
    },
    {
      "mode": "managed",
      "type": "aws_vpc",
      "name": "wordpress-vpc",
      "provider": "provider[\"registry.terraform.io/hashicorp/aws\"]",
      "instances": [
        {
          "schema_version": 1,
          "attributes": {
            "arn": "arn:aws:ec2:us-east-1:932354825644:vpc/vpc-0f95912de41dbde4c",
            "assign_generated_ipv6_cidr_block": false,
            "cidr_block": "10.0.0.0/16",
            "default_network_acl_id": "acl-0fba3b95e5c42d7a5",
            "default_route_table_id": "rtb-0b0e9dd7604eeea4c",
            "default_security_group_id": "sg-0ad0b7c49c46286b6",
            "dhcp_options_id": "dopt-072ca3b1b5a294c68",
            "enable_dns_hostnames": false,
            "enable_dns_support": true,
            "enable_network_address_usage_metrics": false,
            "id": "vpc-0f95912de41dbde4c",
            "instance_tenancy": "default",
            "ipv4_ipam_pool_id": null,
            "ipv4_netmask_length": null,
            "ipv6_association_id": "",
            "ipv6_cidr_block": "",
            "ipv6_cidr_block_network_border_group": "",
            "ipv6_ipam_pool_id": "",
            "ipv6_netmask_length": 0,
            "main_route_table_id": "rtb-0b0e9dd7604eeea4c",
            "owner_id": "932354825644",
            "tags": {
              "Name": "wordpress-vpc"
            },
            "tags_all": {
              "Name": "wordpress-vpc"
            }
          },
          "sensitive_attributes": [],
          "private": "eyJzY2hlbWFfdmVyc2lvbiI6IjEifQ=="
        }
      ]
    },
    {
      "mode": "managed",
      "type": "local_file",
      "name": "ssh-key",
      "provider": "provider[\"registry.terraform.io/hashicorp/local\"]",
      "instances": [
        {
          "schema_version": 0,
          "attributes": {
            "content": "-----BEGIN RSA PRIVATE KEY-----\nMIIJKQIBAAKCAgEAz+8VwN3boqlXUb7RGvot+NQ7gMZ/wdLtlV+p3v9z+8Nsch1s\nC3HFMp/HqWUCo7Mde4OWr1UDJGT2Lzn+ojx6Yy7B/w132FOQMGsYVJQBF/ZfJvH/\nNoolfp/pGXzmbsRwuMND5B1I1RY0nlDbJEb4Urhn0VDVMS2obxlbsix3vzjrUOn7\n1Se8tmt0CkqO3wqEVyd5baxZauEQ1xTpv32pqdWhzlm202V6KztpjkZyiYs6eUy5\nabAp4ECAuGNC7vgt2kUQBb5HBNVuZQOsW9qy5FnimovPm0izoT+cG1OAx8C86/WP\nuqcSdl8XF1es5EpIHbUSXCYjMk+3COLp7b9hWZ864uF8DHoimOAqUtPKaYMxy8ot\nRcVDJSXyUfGvkLC2S29jCOf1Aq0GlT7SU1gbX1p/qTsK6LAPmSEI/6m0VsiBCAR6\neRjpw+MDKXCZjKQKtHaatvi5g4FWe4E+AlVXFTs1mQRS7aSOOUU6mXwM2PEoJ56D\n+TrXNP0Q2JJi3yjwcVw/ECkY5RrZIxyR4ai29lkWEJVQTyGRIvmtURUnUew1BR7D\ncJuDFvpoRI76P+PUJyRwYKVLZLJKeVQ8rdKtxThz9z0fltHk1rH9qFEWhkeRLmug\nCTkPA/Ng9t6tTz5PC9/biMv+O540PkH7Mw1t3Yp5G/QGQkTCn04c4/NWNvECAwEA\nAQKCAgEAu9P8knvWKtlNR0pXGUdkv6D3Hxwvy6X9dzEzAX1AB+w/ydVKBAyBVXl/\nokTcXYMu3qO/OiJQ9E8/EuoQWfzHkVBrbTl9SKwzU4lqMPyBAGRND6EKKPohZICO\nz7dDcEuCh2Pbr/PEFrg4T8o6KkrxhceOAEZETmgv/iup6QjCIroH1s+F7MY4cZAf\nAizXYiLd6Nx/k9Jb82/bBm6dt5yL5h5US1I/FDZWZTcF4r9AN37NE0V7Nz0qlqet\nnuILVFJbGQ/JqWZ4QKWLUzQ+PbsQXbXUPEaPAnZpzP7oxMZpTgeMoJjxfGnvA35i\nHXPVeWKgQjWOoC7THF9lt2FCbsCx7eJUHynwgcsf/4AC/0DzpvVPr9lReEapp4Im\nAfL5+Rq9pXaNHMA92xlJ5keSCUSRX53nwMY+SHhvRHq1+GLh3PdpGvTfaO21kHKP\no6yozyoTO4waiNDYOsXCZ4dKCaFd5yFpDjgHo0bywQn8i+7gH2sMrb6Jy2NvlSRM\nMymTdw0skzIRY+iIG/LcXFvAg6xuGflLrvKeiYwwxG6+o9DYY8oCQSMPjcWv3Pdy\nYQv4vUiAtMUY59iIekQKIsLSwL5mFopKHwTFWhvlQaA21oUD6pGt42/Fsxm9kxlJ\nPip9NrtZnfIPkx/byR8CeoWyI0bz52dAKndvWu+KCLA0T3Y4jAECggEBAOd5tiwP\ncsIIsvLbYe2EGF2fPWoLiMcmyUj7n4Bnp7Rs4j6LzLtwMEQ+70Pup+JO/3/Wro1q\n6ALdtJQAcOh4DspsPHeN4oyF6JfrCdWcJ9m3iplU2oG67G4vgtrfBUH004o8ReA9\nAUxkui+anWpwYdwHUWCZKwHS0icwdUOy4PUr5APhQVpGYnzjKaiFmwI+sDrML1rz\n8nd2uIOSDGOQXMimV04MYQ/VeUWvixBNK4VFSY+ex8bY+Pdz1KaN0s6QuJjfXgAv\nsqlshqnsIJxaR+t1yVTNYkDh28uXCOLFjMda5kv6X56OtsG+CCw5J67A/JGAEVO+\nXX8/+VvNe+TRN30CggEBAOX22+dzDbL5MeWMYlpK2WkkPwu3HF6NWko5YLDz3Lf3\nxEt3q6YtP6DNL3PdgiAqULRvjtIpNdqeZQ+vxkaEysoGUwga9E/s2/M5PPUolfir\n1vqDfMvQ4AJIQ1URJZI+hKteaWpJjwOn8JGfVhqNvDkxVcc5o2gWaEjc9yPC8rbL\n4nQpIQfrrPuJslxmFgYDLZfmEsZXZZzX7B++wFZGv0yhLGiVFdG1NyLN7c8ZzhFa\nBE1bOkf1hbDbLiunF0Zd/yE89v6CcFR6H0x1wZDrXPyFKbwlQG74p+sOdsFAu00X\nvTCakMGTCxxXqFmlo1bTbJ4GhqZCAJch0SU/FErRX4UCggEARz9DP1SR8f9TdUTp\nY34hMc/ty1I5i3L4yaoJcjB1gidxi+bj4V2qvZbRdotiyVmfcu3VVFnvh9JN3rA0\nEJnDk7K0+eeGL9KXwQrrQACMk4rW8lMX3o52b4PYNx4mNCLzab0blOWyHJ10YWqp\nwTVOKbdm6OC8SBdn8AAOWAQbEduslzUiNHMtpVsWW3SkPZCmFbL7cHddzj+Qk47E\nmXC53li0zqUoywLeDQD3QNE/8AlflwE8ZIwsNZ5Fee51UHdjGkrGWDBWQafR20N+\n1iFDucnLanq9H1Nln8ihR4uexU3JTOGHxPoQbpnbUiFVgYiNNQvCSZByntRGIGej\nFs7+0QKCAQBev3kXQWYxiU6vn0menhw5n7+CGi3MHz1GO6HFBpS4D5OG7IWCcD45\nCJE2kdtdWVHrJdOYb3ZK3twQvIFa6LeMyVJIkqJ6k8KD0d91uwUfcd2fVbGDYEoL\nZq6nS+tI+A09dibErg4ImZcayKV3R1J31gXbkbnr1t+ctb31tArAmfxxk8iSNN4O\nvUsJmt4UGBce8KJnqfapyqT052jjoz6KWhWr+VEGGD3hTyteGum2aHpBTQcUQuqU\nVZoOTkferDfEABRcBG43wCFJJXNdPDwRpuPtKwQDNNwqkskHEp6ZQuCmN+jQeL8p\nLEymswI7cdzctx+fPK51lm9Pg0/fC6jpAoIBAQC2wgJdeIaWjpenNSclGtCWeZ+Q\nc+GaH7hJVQZLJUHxxyISAh4RQYWtvDTsEp4HNa/CKBWnlQkPNDBQqGDoHz4rGMLr\nrXB2Ic3Op4B1oFgekYRXt1PtRk/CC6jZWA1jX0U3UIPf6+tjG9vguPkLxg16Uu+a\n0SLFcv4WSIbOKHfUNf68xvY10Vja+q3MSKUPVKM5yPcZVERXWF2xBecadDhrZ1Oi\ntUMXrRuhcw7Qijr0+Mu8KCkHi427dz2GYZGa/iOTz7mvlsU0oYz2QBvQD65FUihW\nP0FymxDqIn/cdlaJ25oxMe0kxqOnuQM0nIgz6NBCCoeAftPp/IBo0bQxzOmU\n-----END RSA PRIVATE KEY-----\n",
            "content_base64": null,
            "content_base64sha256": "6CukwoOgDnsY5ARJN8baCwRuHC84LhGuPQr5S/xXFXQ=",
            "content_base64sha512": "3lNtjl063dE/plQi9z7WOqENgekOitc9uuG+J6yJImYz+UiMp9XaV40dfzhka9kDffpcLl44aJxXVCYlYWMSVA==",
            "content_md5": "5c0f390922db06e8ad50ed98c771e120",
            "content_sha1": "eb5582468a29b7de168132fa3039e684115b2b32",
            "content_sha256": "e82ba4c283a00e7b18e4044937c6da0b046e1c2f382e11ae3d0af94bfc571574",
            "content_sha512": "de536d8e5d3addd13fa65422f73ed63aa10d81e90e8ad73dbae1be27ac89226633f9488ca7d5da578d1d7f38646bd9037dfa5c2e5e38689c5754262561631254",
            "directory_permission": "0777",
            "file_permission": "0777",
            "filename": "ssh-key.pem",
            "id": "eb5582468a29b7de168132fa3039e684115b2b32",
            "sensitive_content": null,
            "source": null
          },
          "sensitive_attributes": [
            [
              {
                "type": "get_attr",
                "value": "content"
              }
            ]
          ],
          "dependencies": [
            "tls_private_key.rsa"
          ]
        }
      ]
    },
    {
      "mode": "managed",
      "type": "tls_private_key",
      "name": "rsa",
      "provider": "provider[\"registry.terraform.io/hashicorp/tls\"]",
      "instances": [
        {
          "schema_version": 1,
          "attributes": {
            "algorithm": "RSA",
            "ecdsa_curve": "P224",
            "id": "6f9678e4bd69fa54ece30de562e3eefbcd86fdef",
            "private_key_openssh": "-----BEGIN OPENSSH PRIVATE KEY-----\nb3BlbnNzaC1rZXktdjEAAAAABG5vbmUAAAAEbm9uZQAAAAAAAAABAAACFwAAAAdz\nc2gtcnNhAAAAAwEAAQAAAgEAz+8VwN3boqlXUb7RGvot+NQ7gMZ/wdLtlV+p3v9z\n+8Nsch1sC3HFMp/HqWUCo7Mde4OWr1UDJGT2Lzn+ojx6Yy7B/w132FOQMGsYVJQB\nF/ZfJvH/Noolfp/pGXzmbsRwuMND5B1I1RY0nlDbJEb4Urhn0VDVMS2obxlbsix3\nvzjrUOn71Se8tmt0CkqO3wqEVyd5baxZauEQ1xTpv32pqdWhzlm202V6KztpjkZy\niYs6eUy5abAp4ECAuGNC7vgt2kUQBb5HBNVuZQOsW9qy5FnimovPm0izoT+cG1OA\nx8C86/WPuqcSdl8XF1es5EpIHbUSXCYjMk+3COLp7b9hWZ864uF8DHoimOAqUtPK\naYMxy8otRcVDJSXyUfGvkLC2S29jCOf1Aq0GlT7SU1gbX1p/qTsK6LAPmSEI/6m0\nVsiBCAR6eRjpw+MDKXCZjKQKtHaatvi5g4FWe4E+AlVXFTs1mQRS7aSOOUU6mXwM\n2PEoJ56D+TrXNP0Q2JJi3yjwcVw/ECkY5RrZIxyR4ai29lkWEJVQTyGRIvmtURUn\nUew1BR7DcJuDFvpoRI76P+PUJyRwYKVLZLJKeVQ8rdKtxThz9z0fltHk1rH9qFEW\nhkeRLmugCTkPA/Ng9t6tTz5PC9/biMv+O540PkH7Mw1t3Yp5G/QGQkTCn04c4/NW\nNvEAAAc4oSEUlKEhFJQAAAAHc3NoLXJzYQAAAgEAz+8VwN3boqlXUb7RGvot+NQ7\ngMZ/wdLtlV+p3v9z+8Nsch1sC3HFMp/HqWUCo7Mde4OWr1UDJGT2Lzn+ojx6Yy7B\n/w132FOQMGsYVJQBF/ZfJvH/Noolfp/pGXzmbsRwuMND5B1I1RY0nlDbJEb4Urhn\n0VDVMS2obxlbsix3vzjrUOn71Se8tmt0CkqO3wqEVyd5baxZauEQ1xTpv32pqdWh\nzlm202V6KztpjkZyiYs6eUy5abAp4ECAuGNC7vgt2kUQBb5HBNVuZQOsW9qy5Fni\nmovPm0izoT+cG1OAx8C86/WPuqcSdl8XF1es5EpIHbUSXCYjMk+3COLp7b9hWZ86\n4uF8DHoimOAqUtPKaYMxy8otRcVDJSXyUfGvkLC2S29jCOf1Aq0GlT7SU1gbX1p/\nqTsK6LAPmSEI/6m0VsiBCAR6eRjpw+MDKXCZjKQKtHaatvi5g4FWe4E+AlVXFTs1\nmQRS7aSOOUU6mXwM2PEoJ56D+TrXNP0Q2JJi3yjwcVw/ECkY5RrZIxyR4ai29lkW\nEJVQTyGRIvmtURUnUew1BR7DcJuDFvpoRI76P+PUJyRwYKVLZLJKeVQ8rdKtxThz\n9z0fltHk1rH9qFEWhkeRLmugCTkPA/Ng9t6tTz5PC9/biMv+O540PkH7Mw1t3Yp5\nG/QGQkTCn04c4/NWNvEAAAADAQABAAACAQC70/ySe9Yq2U1HSlcZR2S/oPcfHC/L\npf13MTMBfUAH7D/J1UoEDIFVeX+iRNxdgy7eo786IlD0Tz8S6hBZ/MeRUGttOX1I\nrDNTiWow/IEAZE0PoQoo+iFkgI7Pt0NwS4KHY9uv88QWuDhPyjoqSvGFx44ARkRO\naC/+K6npCMIiugfWz4XsxjhxkB8CLNdiIt3o3H+T0lvzb9sGbp23nIvmHlRLUj8U\nNlZlNwXiv0A3fs0TRXs3PSqWp62e4gtUUlsZD8mpZnhApYtTND49uxBdtdQ8Ro8C\ndmnM/ujExmlOB4ygmPF8ae8DfmIdc9V5YqBCNY6gLtMcX2W3YUJuwLHt4lQfKfCB\nyx//gAL/QPOm9U+v2VF4RqmngiYB8vn5Gr2ldo0cwD3bGUnmR5IJRJFfnefAxj5I\neG9EerX4YuHc92ka9N9o7bWQco+jrKjPKhM7jBqI0Ng6xcJnh0oJoV3nIWkOOAej\nRvLBCfyL7uAfawytvonLY2+VJEwzKZN3DSyTMhFj6Igb8txcW8CDrG4Z+Uuu8p6J\njDDEbr6j0NhjygJBIw+Nxa/c93JhC/i9SIC0xRjn2Ih6RAoiwtLAvmYWikofBMVa\nG+VBoDbWhQPqka3jb8WzGb2TGUk+Kn02u1md8g+TH9vJHwJ6hbIjRvPnZ0Aqd29a\n74oIsDRPdjiMAQAAAQEAtsICXXiGlo6XpzUnJRrQlnmfkHPhmh+4SVUGSyVB8cci\nEgIeEUGFrbw07BKeBzWvwigVp5UJDzQwUKhg6B8+KxjC661wdiHNzqeAdaBYHpGE\nV7dT7UZPwguo2VgNY19FN1CD3+vrYxvb4Lj5C8YNelLvmtEixXL+FkiGzih31DX+\nvMb2NdFY2vqtzEilD1SjOcj3GVREV1hdsQXnGnQ4a2dTorVDF60boXMO0Io69PjL\nvCgpB4uNu3c9hmGRmv4jk8+5r5bFNKGM9kAb0A+uRVIoVj9BcpsQ6iJ/3HZWidua\nMTHtJMajp7kDNJyIM+jQQgqHgH7T6fyAaNG0MczplAAAAQEA53m2LA9ywgiy8tth\n7YQYXZ89aguIxybJSPufgGentGziPovMu3AwRD7vQ+6n4k7/f9aujWroAt20lABw\n6HgOymw8d43ijIXol+sJ1Zwn2beKmVTagbrsbi+C2t8FQfTTijxF4D0BTGS6L5qd\nanBh3AdRYJkrAdLSJzB1Q7Lg9SvkA+FBWkZifOMpqIWbAj6wOswvWvPyd3a4g5IM\nY5BcyKZXTgxhD9V5Ra+LEE0rhUVJj57Hxtj493PUpo3SzpC4mN9eAC+yqWyGqewg\nnFpH63XJVM1iQOHby5cI4sWMx1rmS/pfno62wb4ILDknrsD8kYARU75dfz/5W817\n5NE3fQAAAQEA5fbb53MNsvkx5YxiWkrZaSQ/C7ccXo1aSjlgsPPct/fES3erpi0/\noM0vc92CICpQtG+O0ik12p5lD6/GRoTKygZTCBr0T+zb8zk89SiV+KvW+oN8y9Dg\nAkhDVRElkj6Eq15pakmPA6fwkZ9WGo28OTFVxzmjaBZoSNz3I8LytsvidCkhB+us\n+4myXGYWBgMtl+YSxldlnNfsH77AVka/TKEsaJUV0bU3Is3tzxnOEVoETVs6R/WF\nsNsuK6cXRl3/ITz2/oJwVHofTHXBkOtc/IUpvCVAbvin6w52wUC7TRe9MJqQwZML\nHFeoWaWjVtNsngaGpkIAlyHRJT8UStFfhQAAAAAB\n-----END OPENSSH PRIVATE KEY-----\n",
            "private_key_pem": "-----BEGIN RSA PRIVATE KEY-----\nMIIJKQIBAAKCAgEAz+8VwN3boqlXUb7RGvot+NQ7gMZ/wdLtlV+p3v9z+8Nsch1s\nC3HFMp/HqWUCo7Mde4OWr1UDJGT2Lzn+ojx6Yy7B/w132FOQMGsYVJQBF/ZfJvH/\nNoolfp/pGXzmbsRwuMND5B1I1RY0nlDbJEb4Urhn0VDVMS2obxlbsix3vzjrUOn7\n1Se8tmt0CkqO3wqEVyd5baxZauEQ1xTpv32pqdWhzlm202V6KztpjkZyiYs6eUy5\nabAp4ECAuGNC7vgt2kUQBb5HBNVuZQOsW9qy5FnimovPm0izoT+cG1OAx8C86/WP\nuqcSdl8XF1es5EpIHbUSXCYjMk+3COLp7b9hWZ864uF8DHoimOAqUtPKaYMxy8ot\nRcVDJSXyUfGvkLC2S29jCOf1Aq0GlT7SU1gbX1p/qTsK6LAPmSEI/6m0VsiBCAR6\neRjpw+MDKXCZjKQKtHaatvi5g4FWe4E+AlVXFTs1mQRS7aSOOUU6mXwM2PEoJ56D\n+TrXNP0Q2JJi3yjwcVw/ECkY5RrZIxyR4ai29lkWEJVQTyGRIvmtURUnUew1BR7D\ncJuDFvpoRI76P+PUJyRwYKVLZLJKeVQ8rdKtxThz9z0fltHk1rH9qFEWhkeRLmug\nCTkPA/Ng9t6tTz5PC9/biMv+O540PkH7Mw1t3Yp5G/QGQkTCn04c4/NWNvECAwEA\nAQKCAgEAu9P8knvWKtlNR0pXGUdkv6D3Hxwvy6X9dzEzAX1AB+w/ydVKBAyBVXl/\nokTcXYMu3qO/OiJQ9E8/EuoQWfzHkVBrbTl9SKwzU4lqMPyBAGRND6EKKPohZICO\nz7dDcEuCh2Pbr/PEFrg4T8o6KkrxhceOAEZETmgv/iup6QjCIroH1s+F7MY4cZAf\nAizXYiLd6Nx/k9Jb82/bBm6dt5yL5h5US1I/FDZWZTcF4r9AN37NE0V7Nz0qlqet\nnuILVFJbGQ/JqWZ4QKWLUzQ+PbsQXbXUPEaPAnZpzP7oxMZpTgeMoJjxfGnvA35i\nHXPVeWKgQjWOoC7THF9lt2FCbsCx7eJUHynwgcsf/4AC/0DzpvVPr9lReEapp4Im\nAfL5+Rq9pXaNHMA92xlJ5keSCUSRX53nwMY+SHhvRHq1+GLh3PdpGvTfaO21kHKP\no6yozyoTO4waiNDYOsXCZ4dKCaFd5yFpDjgHo0bywQn8i+7gH2sMrb6Jy2NvlSRM\nMymTdw0skzIRY+iIG/LcXFvAg6xuGflLrvKeiYwwxG6+o9DYY8oCQSMPjcWv3Pdy\nYQv4vUiAtMUY59iIekQKIsLSwL5mFopKHwTFWhvlQaA21oUD6pGt42/Fsxm9kxlJ\nPip9NrtZnfIPkx/byR8CeoWyI0bz52dAKndvWu+KCLA0T3Y4jAECggEBAOd5tiwP\ncsIIsvLbYe2EGF2fPWoLiMcmyUj7n4Bnp7Rs4j6LzLtwMEQ+70Pup+JO/3/Wro1q\n6ALdtJQAcOh4DspsPHeN4oyF6JfrCdWcJ9m3iplU2oG67G4vgtrfBUH004o8ReA9\nAUxkui+anWpwYdwHUWCZKwHS0icwdUOy4PUr5APhQVpGYnzjKaiFmwI+sDrML1rz\n8nd2uIOSDGOQXMimV04MYQ/VeUWvixBNK4VFSY+ex8bY+Pdz1KaN0s6QuJjfXgAv\nsqlshqnsIJxaR+t1yVTNYkDh28uXCOLFjMda5kv6X56OtsG+CCw5J67A/JGAEVO+\nXX8/+VvNe+TRN30CggEBAOX22+dzDbL5MeWMYlpK2WkkPwu3HF6NWko5YLDz3Lf3\nxEt3q6YtP6DNL3PdgiAqULRvjtIpNdqeZQ+vxkaEysoGUwga9E/s2/M5PPUolfir\n1vqDfMvQ4AJIQ1URJZI+hKteaWpJjwOn8JGfVhqNvDkxVcc5o2gWaEjc9yPC8rbL\n4nQpIQfrrPuJslxmFgYDLZfmEsZXZZzX7B++wFZGv0yhLGiVFdG1NyLN7c8ZzhFa\nBE1bOkf1hbDbLiunF0Zd/yE89v6CcFR6H0x1wZDrXPyFKbwlQG74p+sOdsFAu00X\nvTCakMGTCxxXqFmlo1bTbJ4GhqZCAJch0SU/FErRX4UCggEARz9DP1SR8f9TdUTp\nY34hMc/ty1I5i3L4yaoJcjB1gidxi+bj4V2qvZbRdotiyVmfcu3VVFnvh9JN3rA0\nEJnDk7K0+eeGL9KXwQrrQACMk4rW8lMX3o52b4PYNx4mNCLzab0blOWyHJ10YWqp\nwTVOKbdm6OC8SBdn8AAOWAQbEduslzUiNHMtpVsWW3SkPZCmFbL7cHddzj+Qk47E\nmXC53li0zqUoywLeDQD3QNE/8AlflwE8ZIwsNZ5Fee51UHdjGkrGWDBWQafR20N+\n1iFDucnLanq9H1Nln8ihR4uexU3JTOGHxPoQbpnbUiFVgYiNNQvCSZByntRGIGej\nFs7+0QKCAQBev3kXQWYxiU6vn0menhw5n7+CGi3MHz1GO6HFBpS4D5OG7IWCcD45\nCJE2kdtdWVHrJdOYb3ZK3twQvIFa6LeMyVJIkqJ6k8KD0d91uwUfcd2fVbGDYEoL\nZq6nS+tI+A09dibErg4ImZcayKV3R1J31gXbkbnr1t+ctb31tArAmfxxk8iSNN4O\nvUsJmt4UGBce8KJnqfapyqT052jjoz6KWhWr+VEGGD3hTyteGum2aHpBTQcUQuqU\nVZoOTkferDfEABRcBG43wCFJJXNdPDwRpuPtKwQDNNwqkskHEp6ZQuCmN+jQeL8p\nLEymswI7cdzctx+fPK51lm9Pg0/fC6jpAoIBAQC2wgJdeIaWjpenNSclGtCWeZ+Q\nc+GaH7hJVQZLJUHxxyISAh4RQYWtvDTsEp4HNa/CKBWnlQkPNDBQqGDoHz4rGMLr\nrXB2Ic3Op4B1oFgekYRXt1PtRk/CC6jZWA1jX0U3UIPf6+tjG9vguPkLxg16Uu+a\n0SLFcv4WSIbOKHfUNf68xvY10Vja+q3MSKUPVKM5yPcZVERXWF2xBecadDhrZ1Oi\ntUMXrRuhcw7Qijr0+Mu8KCkHi427dz2GYZGa/iOTz7mvlsU0oYz2QBvQD65FUihW\nP0FymxDqIn/cdlaJ25oxMe0kxqOnuQM0nIgz6NBCCoeAftPp/IBo0bQxzOmU\n-----END RSA PRIVATE KEY-----\n",
            "private_key_pem_pkcs8": "-----BEGIN PRIVATE KEY-----\nMIIJQwIBADANBgkqhkiG9w0BAQEFAASCCS0wggkpAgEAAoICAQDP7xXA3duiqVdR\nvtEa+i341DuAxn/B0u2VX6ne/3P7w2xyHWwLccUyn8epZQKjsx17g5avVQMkZPYv\nOf6iPHpjLsH/DXfYU5AwaxhUlAEX9l8m8f82iiV+n+kZfOZuxHC4w0PkHUjVFjSe\nUNskRvhSuGfRUNUxLahvGVuyLHe/OOtQ6fvVJ7y2a3QKSo7fCoRXJ3ltrFlq4RDX\nFOm/famp1aHOWbbTZXorO2mORnKJizp5TLlpsCngQIC4Y0Lu+C3aRRAFvkcE1W5l\nA6xb2rLkWeKai8+bSLOhP5wbU4DHwLzr9Y+6pxJ2XxcXV6zkSkgdtRJcJiMyT7cI\n4untv2FZnzri4XwMeiKY4CpS08ppgzHLyi1FxUMlJfJR8a+QsLZLb2MI5/UCrQaV\nPtJTWBtfWn+pOwrosA+ZIQj/qbRWyIEIBHp5GOnD4wMpcJmMpAq0dpq2+LmDgVZ7\ngT4CVVcVOzWZBFLtpI45RTqZfAzY8SgnnoP5Otc0/RDYkmLfKPBxXD8QKRjlGtkj\nHJHhqLb2WRYQlVBPIZEi+a1RFSdR7DUFHsNwm4MW+mhEjvo/49QnJHBgpUtkskp5\nVDyt0q3FOHP3PR+W0eTWsf2oURaGR5Eua6AJOQ8D82D23q1PPk8L39uIy/47njQ+\nQfszDW3dinkb9AZCRMKfThzj81Y28QIDAQABAoICAQC70/ySe9Yq2U1HSlcZR2S/\noPcfHC/Lpf13MTMBfUAH7D/J1UoEDIFVeX+iRNxdgy7eo786IlD0Tz8S6hBZ/MeR\nUGttOX1IrDNTiWow/IEAZE0PoQoo+iFkgI7Pt0NwS4KHY9uv88QWuDhPyjoqSvGF\nx44ARkROaC/+K6npCMIiugfWz4XsxjhxkB8CLNdiIt3o3H+T0lvzb9sGbp23nIvm\nHlRLUj8UNlZlNwXiv0A3fs0TRXs3PSqWp62e4gtUUlsZD8mpZnhApYtTND49uxBd\ntdQ8Ro8CdmnM/ujExmlOB4ygmPF8ae8DfmIdc9V5YqBCNY6gLtMcX2W3YUJuwLHt\n4lQfKfCByx//gAL/QPOm9U+v2VF4RqmngiYB8vn5Gr2ldo0cwD3bGUnmR5IJRJFf\nnefAxj5IeG9EerX4YuHc92ka9N9o7bWQco+jrKjPKhM7jBqI0Ng6xcJnh0oJoV3n\nIWkOOAejRvLBCfyL7uAfawytvonLY2+VJEwzKZN3DSyTMhFj6Igb8txcW8CDrG4Z\n+Uuu8p6JjDDEbr6j0NhjygJBIw+Nxa/c93JhC/i9SIC0xRjn2Ih6RAoiwtLAvmYW\nikofBMVaG+VBoDbWhQPqka3jb8WzGb2TGUk+Kn02u1md8g+TH9vJHwJ6hbIjRvPn\nZ0Aqd29a74oIsDRPdjiMAQKCAQEA53m2LA9ywgiy8tth7YQYXZ89aguIxybJSPuf\ngGentGziPovMu3AwRD7vQ+6n4k7/f9aujWroAt20lABw6HgOymw8d43ijIXol+sJ\n1Zwn2beKmVTagbrsbi+C2t8FQfTTijxF4D0BTGS6L5qdanBh3AdRYJkrAdLSJzB1\nQ7Lg9SvkA+FBWkZifOMpqIWbAj6wOswvWvPyd3a4g5IMY5BcyKZXTgxhD9V5Ra+L\nEE0rhUVJj57Hxtj493PUpo3SzpC4mN9eAC+yqWyGqewgnFpH63XJVM1iQOHby5cI\n4sWMx1rmS/pfno62wb4ILDknrsD8kYARU75dfz/5W8175NE3fQKCAQEA5fbb53MN\nsvkx5YxiWkrZaSQ/C7ccXo1aSjlgsPPct/fES3erpi0/oM0vc92CICpQtG+O0ik1\n2p5lD6/GRoTKygZTCBr0T+zb8zk89SiV+KvW+oN8y9DgAkhDVRElkj6Eq15pakmP\nA6fwkZ9WGo28OTFVxzmjaBZoSNz3I8LytsvidCkhB+us+4myXGYWBgMtl+YSxldl\nnNfsH77AVka/TKEsaJUV0bU3Is3tzxnOEVoETVs6R/WFsNsuK6cXRl3/ITz2/oJw\nVHofTHXBkOtc/IUpvCVAbvin6w52wUC7TRe9MJqQwZMLHFeoWaWjVtNsngaGpkIA\nlyHRJT8UStFfhQKCAQBHP0M/VJHx/1N1ROljfiExz+3LUjmLcvjJqglyMHWCJ3GL\n5uPhXaq9ltF2i2LJWZ9y7dVUWe+H0k3esDQQmcOTsrT554Yv0pfBCutAAIyTitby\nUxfejnZvg9g3HiY0IvNpvRuU5bIcnXRhaqnBNU4pt2bo4LxIF2fwAA5YBBsR26yX\nNSI0cy2lWxZbdKQ9kKYVsvtwd13OP5CTjsSZcLneWLTOpSjLAt4NAPdA0T/wCV+X\nATxkjCw1nkV57nVQd2MaSsZYMFZBp9HbQ37WIUO5yctqer0fU2WfyKFHi57FTclM\n4YfE+hBumdtSIVWBiI01C8JJkHKe1EYgZ6MWzv7RAoIBAF6/eRdBZjGJTq+fSZ6e\nHDmfv4IaLcwfPUY7ocUGlLgPk4bshYJwPjkIkTaR211ZUesl05hvdkre3BC8gVro\nt4zJUkiSonqTwoPR33W7BR9x3Z9VsYNgSgtmrqdL60j4DT12JsSuDgiZlxrIpXdH\nUnfWBduRuevW35y1vfW0CsCZ/HGTyJI03g69Swma3hQYFx7womep9qnKpPTnaOOj\nPopaFav5UQYYPeFPK14a6bZoekFNBxRC6pRVmg5OR96sN8QAFFwEbjfAIUklc108\nPBGm4+0rBAM03CqSyQcSnplC4KY36NB4vyksTKazAjtx3Ny3H588rnWWb0+DT98L\nqOkCggEBALbCAl14hpaOl6c1JyUa0JZ5n5Bz4ZofuElVBkslQfHHIhICHhFBha28\nNOwSngc1r8IoFaeVCQ80MFCoYOgfPisYwuutcHYhzc6ngHWgWB6RhFe3U+1GT8IL\nqNlYDWNfRTdQg9/r62Mb2+C4+QvGDXpS75rRIsVy/hZIhs4od9Q1/rzG9jXRWNr6\nrcxIpQ9UoznI9xlURFdYXbEF5xp0OGtnU6K1QxetG6FzDtCKOvT4y7woKQeLjbt3\nPYZhkZr+I5PPua+WxTShjPZAG9APrkVSKFY/QXKbEOoif9x2VonbmjEx7STGo6e5\nAzSciDPo0EIKh4B+0+n8gGjRtDHM6ZQ=\n-----END PRIVATE KEY-----\n",
            "public_key_fingerprint_md5": "70:e4:55:e4:6d:cf:88:0a:81:50:9f:40:59:6f:1e:98",
            "public_key_fingerprint_sha256": "SHA256:UT8ied7jE2Lg5uYuyEIYZoOjT24D3IoJPFN8EV0G/4E",
            "public_key_openssh": "ssh-rsa AAAAB3NzaC1yc2EAAAADAQABAAACAQDP7xXA3duiqVdRvtEa+i341DuAxn/B0u2VX6ne/3P7w2xyHWwLccUyn8epZQKjsx17g5avVQMkZPYvOf6iPHpjLsH/DXfYU5AwaxhUlAEX9l8m8f82iiV+n+kZfOZuxHC4w0PkHUjVFjSeUNskRvhSuGfRUNUxLahvGVuyLHe/OOtQ6fvVJ7y2a3QKSo7fCoRXJ3ltrFlq4RDXFOm/famp1aHOWbbTZXorO2mORnKJizp5TLlpsCngQIC4Y0Lu+C3aRRAFvkcE1W5lA6xb2rLkWeKai8+bSLOhP5wbU4DHwLzr9Y+6pxJ2XxcXV6zkSkgdtRJcJiMyT7cI4untv2FZnzri4XwMeiKY4CpS08ppgzHLyi1FxUMlJfJR8a+QsLZLb2MI5/UCrQaVPtJTWBtfWn+pOwrosA+ZIQj/qbRWyIEIBHp5GOnD4wMpcJmMpAq0dpq2+LmDgVZ7gT4CVVcVOzWZBFLtpI45RTqZfAzY8SgnnoP5Otc0/RDYkmLfKPBxXD8QKRjlGtkjHJHhqLb2WRYQlVBPIZEi+a1RFSdR7DUFHsNwm4MW+mhEjvo/49QnJHBgpUtkskp5VDyt0q3FOHP3PR+W0eTWsf2oURaGR5Eua6AJOQ8D82D23q1PPk8L39uIy/47njQ+QfszDW3dinkb9AZCRMKfThzj81Y28Q==\n",
            "public_key_pem": "-----BEGIN PUBLIC KEY-----\nMIICIjANBgkqhkiG9w0BAQEFAAOCAg8AMIICCgKCAgEAz+8VwN3boqlXUb7RGvot\n+NQ7gMZ/wdLtlV+p3v9z+8Nsch1sC3HFMp/HqWUCo7Mde4OWr1UDJGT2Lzn+ojx6\nYy7B/w132FOQMGsYVJQBF/ZfJvH/Noolfp/pGXzmbsRwuMND5B1I1RY0nlDbJEb4\nUrhn0VDVMS2obxlbsix3vzjrUOn71Se8tmt0CkqO3wqEVyd5baxZauEQ1xTpv32p\nqdWhzlm202V6KztpjkZyiYs6eUy5abAp4ECAuGNC7vgt2kUQBb5HBNVuZQOsW9qy\n5FnimovPm0izoT+cG1OAx8C86/WPuqcSdl8XF1es5EpIHbUSXCYjMk+3COLp7b9h\nWZ864uF8DHoimOAqUtPKaYMxy8otRcVDJSXyUfGvkLC2S29jCOf1Aq0GlT7SU1gb\nX1p/qTsK6LAPmSEI/6m0VsiBCAR6eRjpw+MDKXCZjKQKtHaatvi5g4FWe4E+AlVX\nFTs1mQRS7aSOOUU6mXwM2PEoJ56D+TrXNP0Q2JJi3yjwcVw/ECkY5RrZIxyR4ai2\n9lkWEJVQTyGRIvmtURUnUew1BR7DcJuDFvpoRI76P+PUJyRwYKVLZLJKeVQ8rdKt\nxThz9z0fltHk1rH9qFEWhkeRLmugCTkPA/Ng9t6tTz5PC9/biMv+O540PkH7Mw1t\n3Yp5G/QGQkTCn04c4/NWNvECAwEAAQ==\n-----END PUBLIC KEY-----\n",
            "rsa_bits": 4096
          },
          "sensitive_attributes": []
        }
      ]
    }
  ],
  "check_results": null
}
